
Microsoft Visual Studio Solution File, Format Version 12.00
Project("{FAE04EC0-301F-11D3-BF4B-00C04F79EFBC}") = "coverFlow", "coverFlow\coverFlow.csproj", "{D417D6DA-838B-4246-A674-7DCAF3108B9B}"
EndProject
Global
	GlobalSection(SolutionConfigurationPlatforms) = preSolution
		Debug|Any CPU = Debug|Any CPU
		Release|Any CPU = Release|Any CPU
	EndGlobalSection
	GlobalSection(ProjectConfigurationPlatforms) = postSolution
		{D417D6DA-838B-4246-A674-7DCAF3108B9B}.Debug|Any CPU.ActiveCfg = Debug|Any CPU
		{D417D6DA-838B-4246-A674-7DCAF3108B9B}.Debug|Any CPU.Build.0 = Debug|Any CPU
		{D417D6DA-838B-4246-A674-7DCAF3108B9B}.Release|Any CPU.ActiveCfg = Release|Any CPU
		{D417D6DA-838B-4246-A674-7DCAF3108B9B}.Release|Any CPU.Build.0 = Release|Any CPU
	EndGlobalSection
EndGlobal
